
Microsoft Visual Studio Solution File, Format Version 12.00
# Visual Studio Version 17
VisualStudioVersion = 17.0.31903.59
MinimumVisualStudioVersion = 10.0.40219.1
Project("{9A19103F-16F7-4668-BE54-9A1E7A4F7556}") = "DTORestApiExample.Domain", "DTORestApiExample.Domain\DTORestApiExample.Domain.csproj", "{18A92D16-A463-4655-A793-9B42B6F27072}"
EndProject
Project("{9A19103F-16F7-4668-BE54-9A1E7A4F7556}") = "DTORestApiExample.Data", "DTORestApiExample.Data\DTORestApiExample.Data.csproj", "{FFD8F0CB-C7BF-46ED-B78F-66EFC47CD8DE}"
EndProject
Project("{9A19103F-16F7-4668-BE54-9A1E7A4F7556}") = "DTORestApiExample.Api", "DTORestApiExample.Api\DTORestApiExample.Api.csproj", "{012398EF-BB64-45AB-98F8-47F2FC184CB0}"
EndProject
Project("{9A19103F-16F7-4668-BE54-9A1E7A4F7556}") = "DTORestApiExample.Application", "DTORestApiExample.Application\DTORestApiExample.Application.csproj", "{EA03FC1A-54DD-4B58-896E-0B493500EA90}"
EndProject
Global
	GlobalSection(SolutionConfigurationPlatforms) = preSolution
		Debug|Any CPU = Debug|Any CPU
		Release|Any CPU = Release|Any CPU
	EndGlobalSection
	GlobalSection(ProjectConfigurationPlatforms) = postSolution
		{18A92D16-A463-4655-A793-9B42B6F27072}.Debug|Any CPU.ActiveCfg = Debug|Any CPU
		{18A92D16-A463-4655-A793-9B42B6F27072}.Debug|Any CPU.Build.0 = Debug|Any CPU
		{18A92D16-A463-4655-A793-9B42B6F27072}.Release|Any CPU.ActiveCfg = Release|Any CPU
		{18A92D16-A463-4655-A793-9B42B6F27072}.Release|Any CPU.Build.0 = Release|Any CPU
		{FFD8F0CB-C7BF-46ED-B78F-66EFC47CD8DE}.Debug|Any CPU.ActiveCfg = Debug|Any CPU
		{FFD8F0CB-C7BF-46ED-B78F-66EFC47CD8DE}.Debug|Any CPU.Build.0 = Debug|Any CPU
		{FFD8F0CB-C7BF-46ED-B78F-66EFC47CD8DE}.Release|Any CPU.ActiveCfg = Release|Any CPU
		{FFD8F0CB-C7BF-46ED-B78F-66EFC47CD8DE}.Release|Any CPU.Build.0 = Release|Any CPU
		{012398EF-BB64-45AB-98F8-47F2FC184CB0}.Debug|Any CPU.ActiveCfg = Debug|Any CPU
		{012398EF-BB64-45AB-98F8-47F2FC184CB0}.Debug|Any CPU.Build.0 = Debug|Any CPU
		{012398EF-BB64-45AB-98F8-47F2FC184CB0}.Release|Any CPU.ActiveCfg = Release|Any CPU
		{012398EF-BB64-45AB-98F8-47F2FC184CB0}.Release|Any CPU.Build.0 = Release|Any CPU
		{EA03FC1A-54DD-4B58-896E-0B493500EA90}.Debug|Any CPU.ActiveCfg = Debug|Any CPU
		{EA03FC1A-54DD-4B58-896E-0B493500EA90}.Debug|Any CPU.Build.0 = Debug|Any CPU
		{EA03FC1A-54DD-4B58-896E-0B493500EA90}.Release|Any CPU.ActiveCfg = Release|Any CPU
		{EA03FC1A-54DD-4B58-896E-0B493500EA90}.Release|Any CPU.Build.0 = Release|Any CPU
	EndGlobalSection
	GlobalSection(SolutionProperties) = preSolution
		HideSolutionNode = FALSE
	EndGlobalSection
	GlobalSection(ExtensibilityGlobals) = postSolution
		SolutionGuid = {B7204FA6-145C-47BB-8042-EEDCAD2E778F}
	EndGlobalSection
EndGlobal
