
Microsoft Visual Studio Solution File, Format Version 12.00
# Visual Studio Version 17
VisualStudioVersion = 17.6.33829.357
MinimumVisualStudioVersion = 10.0.40219.1
Project("{FAE04EC0-301F-11D3-BF4B-00C04F79EFBC}") = "DTORestApiExample", "DTORestApiExample.csproj", "{C2D4C6EF-7EA4-4734-8D5A-1C729A63502C}"
EndProject
Global
	GlobalSection(SolutionConfigurationPlatforms) = preSolution
		Debug|Any CPU = Debug|Any CPU
		Release|Any CPU = Release|Any CPU
	EndGlobalSection
	GlobalSection(ProjectConfigurationPlatforms) = postSolution
		{C2D4C6EF-7EA4-4734-8D5A-1C729A63502C}.Debug|Any CPU.ActiveCfg = Debug|Any CPU
		{C2D4C6EF-7EA4-4734-8D5A-1C729A63502C}.Debug|Any CPU.Build.0 = Debug|Any CPU
		{C2D4C6EF-7EA4-4734-8D5A-1C729A63502C}.Release|Any CPU.ActiveCfg = Release|Any CPU
		{C2D4C6EF-7EA4-4734-8D5A-1C729A63502C}.Release|Any CPU.Build.0 = Release|Any CPU
	EndGlobalSection
	GlobalSection(SolutionProperties) = preSolution
		HideSolutionNode = FALSE
	EndGlobalSection
	GlobalSection(ExtensibilityGlobals) = postSolution
		SolutionGuid = {CFA9904E-3290-499E-B28E-44E3A3356508}
	EndGlobalSection
EndGlobal
